
Microsoft Visual Studio Solution File, Format Version 12.00
# Visual Studio 15
VisualStudioVersion = 15.0.26730.16
MinimumVisualStudioVersion = 10.0.40219.1
Project("{FAE04EC0-301F-11D3-BF4B-00C04F79EFBC}") = "ConsoleApp1", "ConsoleApp1\ConsoleApp1.csproj", "{1630D05C-5005-4345-AAA2-52B55D46D638}"
EndProject
Project("{2150E333-8FDC-42A3-9474-1A3956D46DE8}") = "SQL", "SQL", "{F6A7176A-6D21-40B2-8772-56981C0B909E}"
	ProjectSection(SolutionItems) = preProject
		NHCore_Script.sql = NHCore_Script.sql
	EndProjectSection
EndProject
Global
	GlobalSection(SolutionConfigurationPlatforms) = preSolution
		Debug|Any CPU = Debug|Any CPU
		Release|Any CPU = Release|Any CPU
	EndGlobalSection
	GlobalSection(ProjectConfigurationPlatforms) = postSolution
		{1630D05C-5005-4345-AAA2-52B55D46D638}.Debug|Any CPU.ActiveCfg = Debug|Any CPU
		{1630D05C-5005-4345-AAA2-52B55D46D638}.Debug|Any CPU.Build.0 = Debug|Any CPU
		{1630D05C-5005-4345-AAA2-52B55D46D638}.Release|Any CPU.ActiveCfg = Release|Any CPU
		{1630D05C-5005-4345-AAA2-52B55D46D638}.Release|Any CPU.Build.0 = Release|Any CPU
	EndGlobalSection
	GlobalSection(SolutionProperties) = preSolution
		HideSolutionNode = FALSE
	EndGlobalSection
	GlobalSection(ExtensibilityGlobals) = postSolution
		SolutionGuid = {DFBB93C9-0B19-4790-80A4-B90AB9680D95}
	EndGlobalSection
EndGlobal
